dependencies:
  achimpieters/esp32-dht:
    component_hash: e605fcdad07d9d9ad63fe14585b14bee8b4b6c7862247bf590cae44226f8e09c
    dependencies:
    - name: idf
      require: private
      version: '>=5.0'
    source:
      registry_url: https://components.espressif.com/
      type: service
    targets:
    - esp32
    - esp32c2
    - esp32c3
    - esp32c5
    - esp32c6
    - esp32c61
    - esp32s2
    - esp32s3
    version: 1.0.2
  espressif/esp_websocket_client:
    component_hash: f77326f0e1c38da4e9c97e17c5d649b0dd13027f2645e720e48db269638fd622
    dependencies:
    - name: idf
      require: private
      version: '>=5.0'
    source:
      registry_url: https://components.espressif.com/
      type: service
    version: 1.4.0
  idf:
    source:
      type: idf
    version: 6.0.0
direct_dependencies:
- achimpieters/esp32-dht
- espressif/esp_websocket_client
- idf
manifest_hash: e21b318f412d203ab08dc9b06ad882f34c629957f6743903eb62acfae110e185
target: esp32
version: 2.0.0
